
Microsoft Visual Studio Solution File, Format Version 12.00
# Visual Studio Version 17
VisualStudioVersion = 17.6.33815.320
MinimumVisualStudioVersion = 10.0.40219.1
Project("{FAE04EC0-301F-11D3-BF4B-00C04F79EFBC}") = "First1 Web App", "First1 Web App\First1 Web App.csproj", "{D37F835C-AC53-4100-AD8A-5BCC853AD6D1}"
EndProject
Global
	GlobalSection(SolutionConfigurationPlatforms) = preSolution
		Debug|Any CPU = Debug|Any CPU
		Release|Any CPU = Release|Any CPU
	EndGlobalSection
	GlobalSection(ProjectConfigurationPlatforms) = postSolution
		{D37F835C-AC53-4100-AD8A-5BCC853AD6D1}.Debug|Any CPU.ActiveCfg = Debug|Any CPU
		{D37F835C-AC53-4100-AD8A-5BCC853AD6D1}.Debug|Any CPU.Build.0 = Debug|Any CPU
		{D37F835C-AC53-4100-AD8A-5BCC853AD6D1}.Release|Any CPU.ActiveCfg = Release|Any CPU
		{D37F835C-AC53-4100-AD8A-5BCC853AD6D1}.Release|Any CPU.Build.0 = Release|Any CPU
	EndGlobalSection
	GlobalSection(SolutionProperties) = preSolution
		HideSolutionNode = FALSE
	EndGlobalSection
	GlobalSection(ExtensibilityGlobals) = postSolution
		SolutionGuid = {ADED7E43-E07C-4A1A-A7CF-4BA9C55A1347}
	EndGlobalSection
EndGlobal
